
Microsoft Visual Studio Solution File, Format Version 12.00
# Visual Studio Version 16
VisualStudioVersion = 25.0.1704.3
MinimumVisualStudioVersion = 10.0.40219.1
Project("{FAE04EC0-301F-11D3-BF4B-00C04F79EFBC}") = "DataParserService", "DataParserService\DataParserService.csproj", "{95C61F97-C420-479B-8986-0C87DCD76EBB}"
EndProject
Global
	GlobalSection(SolutionConfigurationPlatforms) = preSolution
		Debug|Any CPU = Debug|Any CPU
		Release|Any CPU = Release|Any CPU
	EndGlobalSection
	GlobalSection(ProjectConfigurationPlatforms) = postSolution
		{95C61F97-C420-479B-8986-0C87DCD76EBB}.Debug|Any CPU.ActiveCfg = Debug|Any CPU
		{95C61F97-C420-479B-8986-0C87DCD76EBB}.Debug|Any CPU.Build.0 = Debug|Any CPU
		{95C61F97-C420-479B-8986-0C87DCD76EBB}.Release|Any CPU.ActiveCfg = Release|Any CPU
		{95C61F97-C420-479B-8986-0C87DCD76EBB}.Release|Any CPU.Build.0 = Release|Any CPU
	EndGlobalSection
	GlobalSection(SolutionProperties) = preSolution
		HideSolutionNode = FALSE
	EndGlobalSection
	GlobalSection(ExtensibilityGlobals) = postSolution
		SolutionGuid = {30B9A246-6617-49D4-8ACD-F56643CA38C6}
	EndGlobalSection
EndGlobal
