
Microsoft Visual Studio Solution File, Format Version 12.00
# Visual Studio Version 17
VisualStudioVersion = 17.4.33122.133
MinimumVisualStudioVersion = 10.0.40219.1
Project("{9A19103F-16F7-4668-BE54-9A1E7A4F7556}") = "bot", "bot.csproj", "{6F63AE9B-4BAF-4155-BBE2-F5797298B166}"
EndProject
Global
	GlobalSection(SolutionConfigurationPlatforms) = preSolution
		Debug|Any CPU = Debug|Any CPU
		Release|Any CPU = Release|Any CPU
	EndGlobalSection
	GlobalSection(ProjectConfigurationPlatforms) = postSolution
		{6F63AE9B-4BAF-4155-BBE2-F5797298B166}.Debug|Any CPU.ActiveCfg = Debug|Any CPU
		{6F63AE9B-4BAF-4155-BBE2-F5797298B166}.Debug|Any CPU.Build.0 = Debug|Any CPU
		{6F63AE9B-4BAF-4155-BBE2-F5797298B166}.Release|Any CPU.ActiveCfg = Release|Any CPU
		{6F63AE9B-4BAF-4155-BBE2-F5797298B166}.Release|Any CPU.Build.0 = Release|Any CPU
	EndGlobalSection
	GlobalSection(SolutionProperties) = preSolution
		HideSolutionNode = FALSE
	EndGlobalSection
	GlobalSection(ExtensibilityGlobals) = postSolution
		SolutionGuid = {9EEFD8F8-840D-47A8-9BEF-A53A62EDF9E1}
	EndGlobalSection
EndGlobal
